<?xml version="1.0" encoding="UTF-8" standalone="yes" ?>
<CodeBlocks_project_file>
	<FileVersion major="1" minor="6" />
	<Project>
		<Option title="example1" />
		<Option pch_mode="2" />
		<Option compiler="gcc" />
		<Build>
			<Target title="Debug">
				<Option output="bin/Debug/example1" prefix_auto="1" extension_auto="1" />
				<Option object_output="obj/Debug/" />
				<Option type="1" />
				<Option compiler="gcc" />
				<Compiler>
					<Add option="-g" />
					<Add option="`pkg-config --cflags gtk+-3.0`" />
					<Add option="`pkg-config --cflags glib-2.0`" />
					<Add directory="C:/msys64/mingw64/include/gtk-3.0" />
					<Add directory="C:/msys64/mingw64/include/glib-2.0" />
					<Add directory="C:/msys64/mingw64/include/glib-2.0/glib" />
					<Add directory="C:/msys64/mingw64/lib/glib-2.0/include" />
					<Add directory="C:/msys64/mingw64/include/pango-1.0" />
					<Add directory="C:/msys64/mingw64/include/harfbuzz" />
					<Add directory="C:/msys64/mingw64/include/cairo" />
					<Add directory="C:/msys64/mingw64/include/gdk-pixbuf-2.0" />
					<Add directory="C:/msys64/mingw64/include/atk-1.0" />
				</Compiler>
				<Linker>
					<Add option="`pkg-config gtk+-3.0 --libs`" />
					<Add option="`pkg-config --libs glib-2.0`" />
					<Add option="-mwindows" />
					<Add directory="C:/msys64/mingw64/lib" />
				</Linker>
			</Target>
			<Target title="Release">
				<Option output="bin/Release/example1" prefix_auto="1" extension_auto="1" />
				<Option object_output="obj/Release/" />
				<Option type="1" />
				<Option compiler="gcc" />
				<Compiler>
					<Add option="-O2" />
				</Compiler>
				<Linker>
					<Add option="-s" />
				</Linker>
			</Target>
		</Build>
		<Compiler>
			<Add option="-Wall" />
		</Compiler>
		<Unit filename="main.c">
			<Option compilerVar="CC" />
		</Unit>
		<Extensions>
			<code_completion />
			<envvars />
			<debugger />
			<lib_finder disable_auto="1" />
		</Extensions>
	</Project>
</CodeBlocks_project_file>
